
Microsoft Visual Studio Solution File, Format Version 12.00
# Visual Studio 15
VisualStudioVersion = 15.0.28307.168
MinimumVisualStudioVersion = 10.0.40219.1
Project("{FAE04EC0-301F-11D3-BF4B-00C04F79EFBC}") = "tortura 1", "tortura 1\tortura 1.csproj", "{0F56DD99-8654-454D-B061-F3AED7029EC3}"
EndProject
Project("{FAE04EC0-301F-11D3-BF4B-00C04F79EFBC}") = "tortura 2", "tortura 2\tortura 2.csproj", "{AE9A6586-CCCA-4726-BAFB-367E8F026775}"
EndProject
Project("{FAE04EC0-301F-11D3-BF4B-00C04F79EFBC}") = "Satisfação4", "Satisfação4\Satisfação4.csproj", "{663F572F-8424-428C-9BE4-C53D7E0AAD02}"
EndProject
Global
	GlobalSection(SolutionConfigurationPlatforms) = preSolution
		Debug|Any CPU = Debug|Any CPU
		Release|Any CPU = Release|Any CPU
	EndGlobalSection
	GlobalSection(ProjectConfigurationPlatforms) = postSolution
		{0F56DD99-8654-454D-B061-F3AED7029EC3}.Debug|Any CPU.ActiveCfg = Debug|Any CPU
		{0F56DD99-8654-454D-B061-F3AED7029EC3}.Debug|Any CPU.Build.0 = Debug|Any CPU
		{0F56DD99-8654-454D-B061-F3AED7029EC3}.Release|Any CPU.ActiveCfg = Release|Any CPU
		{0F56DD99-8654-454D-B061-F3AED7029EC3}.Release|Any CPU.Build.0 = Release|Any CPU
		{AE9A6586-CCCA-4726-BAFB-367E8F026775}.Debug|Any CPU.ActiveCfg = Debug|Any CPU
		{AE9A6586-CCCA-4726-BAFB-367E8F026775}.Debug|Any CPU.Build.0 = Debug|Any CPU
		{AE9A6586-CCCA-4726-BAFB-367E8F026775}.Release|Any CPU.ActiveCfg = Release|Any CPU
		{AE9A6586-CCCA-4726-BAFB-367E8F026775}.Release|Any CPU.Build.0 = Release|Any CPU
		{663F572F-8424-428C-9BE4-C53D7E0AAD02}.Debug|Any CPU.ActiveCfg = Debug|Any CPU
		{663F572F-8424-428C-9BE4-C53D7E0AAD02}.Debug|Any CPU.Build.0 = Debug|Any CPU
		{663F572F-8424-428C-9BE4-C53D7E0AAD02}.Release|Any CPU.ActiveCfg = Release|Any CPU
		{663F572F-8424-428C-9BE4-C53D7E0AAD02}.Release|Any CPU.Build.0 = Release|Any CPU
	EndGlobalSection
	GlobalSection(SolutionProperties) = preSolution
		HideSolutionNode = FALSE
	EndGlobalSection
	GlobalSection(ExtensibilityGlobals) = postSolution
		SolutionGuid = {25290CA8-FE87-498C-ACDF-7DD43DFD34E8}
	EndGlobalSection
EndGlobal
